
Microsoft Visual Studio Solution File, Format Version 12.00
# Visual Studio 2013
VisualStudioVersion = 12.0.21005.1
MinimumVisualStudioVersion = 10.0.40219.1
Project("{8BC9CEB8-8B4A-11D0-8D11-00A0C91BC942}") = "lol_fmod_plugin", "lol_fmod_plugin\lol_fmod_plugin.vcxproj", "{A438FA41-61FA-40BE-89F1-4B443A73A4C1}"
	ProjectSection(ProjectDependencies) = postProject
		{949138FD-1AB1-4435-8F36-06D8F72F56A5} = {949138FD-1AB1-4435-8F36-06D8F72F56A5}
	EndProjectSection
EndProject
Project("{8BC9CEB8-8B4A-11D0-8D11-00A0C91BC942}") = "celt61", "celt61\celt61.vcxproj", "{949138FD-1AB1-4435-8F36-06D8F72F56A5}"
EndProject
Project("{8BC9CEB8-8B4A-11D0-8D11-00A0C91BC942}") = "plugin_test", "plugin_test\plugin_test.vcxproj", "{75D416A1-4D18-4D57-8799-BABBDF407DCE}"
	ProjectSection(ProjectDependencies) = postProject
		{A438FA41-61FA-40BE-89F1-4B443A73A4C1} = {A438FA41-61FA-40BE-89F1-4B443A73A4C1}
	EndProjectSection
EndProject
Project("{8BC9CEB8-8B4A-11D0-8D11-00A0C91BC942}") = "unpacker", "unpacker\unpacker.vcxproj", "{45530357-D82E-4737-B2E1-6EE034FDF7FE}"
EndProject
Global
	GlobalSection(SolutionConfigurationPlatforms) = preSolution
		Debug|Win32 = Debug|Win32
		Debug|x64 = Debug|x64
		Release|Win32 = Release|Win32
		Release|x64 = Release|x64
	EndGlobalSection
	GlobalSection(ProjectConfigurationPlatforms) = postSolution
		{A438FA41-61FA-40BE-89F1-4B443A73A4C1}.Debug|Win32.ActiveCfg = Debug|Win32
		{A438FA41-61FA-40BE-89F1-4B443A73A4C1}.Debug|Win32.Build.0 = Debug|Win32
		{A438FA41-61FA-40BE-89F1-4B443A73A4C1}.Debug|x64.ActiveCfg = Debug|x64
		{A438FA41-61FA-40BE-89F1-4B443A73A4C1}.Debug|x64.Build.0 = Debug|x64
		{A438FA41-61FA-40BE-89F1-4B443A73A4C1}.Release|Win32.ActiveCfg = Release|Win32
		{A438FA41-61FA-40BE-89F1-4B443A73A4C1}.Release|Win32.Build.0 = Release|Win32
		{A438FA41-61FA-40BE-89F1-4B443A73A4C1}.Release|x64.ActiveCfg = Release|x64
		{A438FA41-61FA-40BE-89F1-4B443A73A4C1}.Release|x64.Build.0 = Release|x64
		{949138FD-1AB1-4435-8F36-06D8F72F56A5}.Debug|Win32.ActiveCfg = Debug|Win32
		{949138FD-1AB1-4435-8F36-06D8F72F56A5}.Debug|Win32.Build.0 = Debug|Win32
		{949138FD-1AB1-4435-8F36-06D8F72F56A5}.Debug|x64.ActiveCfg = Debug|x64
		{949138FD-1AB1-4435-8F36-06D8F72F56A5}.Debug|x64.Build.0 = Debug|x64
		{949138FD-1AB1-4435-8F36-06D8F72F56A5}.Release|Win32.ActiveCfg = Release|Win32
		{949138FD-1AB1-4435-8F36-06D8F72F56A5}.Release|Win32.Build.0 = Release|Win32
		{949138FD-1AB1-4435-8F36-06D8F72F56A5}.Release|x64.ActiveCfg = Release|x64
		{949138FD-1AB1-4435-8F36-06D8F72F56A5}.Release|x64.Build.0 = Release|x64
		{75D416A1-4D18-4D57-8799-BABBDF407DCE}.Debug|Win32.ActiveCfg = Debug|Win32
		{75D416A1-4D18-4D57-8799-BABBDF407DCE}.Debug|Win32.Build.0 = Debug|Win32
		{75D416A1-4D18-4D57-8799-BABBDF407DCE}.Debug|x64.ActiveCfg = Debug|x64
		{75D416A1-4D18-4D57-8799-BABBDF407DCE}.Debug|x64.Build.0 = Debug|x64
		{75D416A1-4D18-4D57-8799-BABBDF407DCE}.Release|Win32.ActiveCfg = Release|Win32
		{75D416A1-4D18-4D57-8799-BABBDF407DCE}.Release|Win32.Build.0 = Release|Win32
		{75D416A1-4D18-4D57-8799-BABBDF407DCE}.Release|x64.ActiveCfg = Release|x64
		{75D416A1-4D18-4D57-8799-BABBDF407DCE}.Release|x64.Build.0 = Release|x64
		{45530357-D82E-4737-B2E1-6EE034FDF7FE}.Debug|Win32.ActiveCfg = Debug|Win32
		{45530357-D82E-4737-B2E1-6EE034FDF7FE}.Debug|Win32.Build.0 = Debug|Win32
		{45530357-D82E-4737-B2E1-6EE034FDF7FE}.Debug|x64.ActiveCfg = Debug|x64
		{45530357-D82E-4737-B2E1-6EE034FDF7FE}.Debug|x64.Build.0 = Debug|x64
		{45530357-D82E-4737-B2E1-6EE034FDF7FE}.Release|Win32.ActiveCfg = Release|Win32
		{45530357-D82E-4737-B2E1-6EE034FDF7FE}.Release|Win32.Build.0 = Release|Win32
		{45530357-D82E-4737-B2E1-6EE034FDF7FE}.Release|x64.ActiveCfg = Release|x64
		{45530357-D82E-4737-B2E1-6EE034FDF7FE}.Release|x64.Build.0 = Release|x64
	EndGlobalSection
	GlobalSection(SolutionProperties) = preSolution
		HideSolutionNode = FALSE
	EndGlobalSection
EndGlobal
